
Microsoft Visual Studio Solution File, Format Version 12.00
# Visual Studio 14
VisualStudioVersion = 14.0.25420.1
MinimumVisualStudioVersion = 10.0.40219.1
Project("{FAE04EC0-301F-11D3-BF4B-00C04F79EFBC}") = "manasamudram-api", "manasamudram-api\manasamudram-api.csproj", "{72130350-FAD5-4CE6-8F0E-C3CFF6206803}"
EndProject
Project("{FAE04EC0-301F-11D3-BF4B-00C04F79EFBC}") = "RepositoryADO", "RepositoryADO\RepositoryADO.csproj", "{0CFB0FA6-A886-4AEF-8755-145C18CE563B}"
EndProject
Project("{FAE04EC0-301F-11D3-BF4B-00C04F79EFBC}") = "Models", "Models\Models.csproj", "{F726DF49-B48C-4616-A532-7CEC1D9AD737}"
EndProject
Project("{FAE04EC0-301F-11D3-BF4B-00C04F79EFBC}") = "Business", "Business\Business.csproj", "{CF2AE673-4A9B-46DD-8931-25193498236E}"
EndProject
Global
	GlobalSection(SolutionConfigurationPlatforms) = preSolution
		Debug|Any CPU = Debug|Any CPU
		Release|Any CPU = Release|Any CPU
	EndGlobalSection
	GlobalSection(ProjectConfigurationPlatforms) = postSolution
		{72130350-FAD5-4CE6-8F0E-C3CFF6206803}.Debug|Any CPU.ActiveCfg = Debug|Any CPU
		{72130350-FAD5-4CE6-8F0E-C3CFF6206803}.Debug|Any CPU.Build.0 = Debug|Any CPU
		{72130350-FAD5-4CE6-8F0E-C3CFF6206803}.Release|Any CPU.ActiveCfg = Release|Any CPU
		{72130350-FAD5-4CE6-8F0E-C3CFF6206803}.Release|Any CPU.Build.0 = Release|Any CPU
		{0CFB0FA6-A886-4AEF-8755-145C18CE563B}.Debug|Any CPU.ActiveCfg = Debug|Any CPU
		{0CFB0FA6-A886-4AEF-8755-145C18CE563B}.Debug|Any CPU.Build.0 = Debug|Any CPU
		{0CFB0FA6-A886-4AEF-8755-145C18CE563B}.Release|Any CPU.ActiveCfg = Release|Any CPU
		{0CFB0FA6-A886-4AEF-8755-145C18CE563B}.Release|Any CPU.Build.0 = Release|Any CPU
		{F726DF49-B48C-4616-A532-7CEC1D9AD737}.Debug|Any CPU.ActiveCfg = Debug|Any CPU
		{F726DF49-B48C-4616-A532-7CEC1D9AD737}.Debug|Any CPU.Build.0 = Debug|Any CPU
		{F726DF49-B48C-4616-A532-7CEC1D9AD737}.Release|Any CPU.ActiveCfg = Release|Any CPU
		{F726DF49-B48C-4616-A532-7CEC1D9AD737}.Release|Any CPU.Build.0 = Release|Any CPU
		{CF2AE673-4A9B-46DD-8931-25193498236E}.Debug|Any CPU.ActiveCfg = Debug|Any CPU
		{CF2AE673-4A9B-46DD-8931-25193498236E}.Debug|Any CPU.Build.0 = Debug|Any CPU
		{CF2AE673-4A9B-46DD-8931-25193498236E}.Release|Any CPU.ActiveCfg = Release|Any CPU
		{CF2AE673-4A9B-46DD-8931-25193498236E}.Release|Any CPU.Build.0 = Release|Any CPU
	EndGlobalSection
	GlobalSection(SolutionProperties) = preSolution
		HideSolutionNode = FALSE
	EndGlobalSection
EndGlobal
